
Microsoft Visual Studio Solution File, Format Version 12.00
# Visual Studio Version 17
VisualStudioVersion = 17.5.33424.131
MinimumVisualStudioVersion = 10.0.40219.1
Project("{8BC9CEB8-8B4A-11D0-8D11-00A0C91BC942}") = "DuckTalk-CLI", "DuckTalk-CLI.vcxproj", "{812C624B-1420-41E4-BB85-C1C9A590B1DF}"
EndProject
Global
	GlobalSection(SolutionConfigurationPlatforms) = preSolution
		Debug|x64 = Debug|x64
		Debug|x86 = Debug|x86
		Release|x64 = Release|x64
		Release|x86 = Release|x86
	EndGlobalSection
	GlobalSection(ProjectConfigurationPlatforms) = postSolution
		{812C624B-1420-41E4-BB85-C1C9A590B1DF}.Debug|x64.ActiveCfg = Debug|x64
		{812C624B-1420-41E4-BB85-C1C9A590B1DF}.Debug|x64.Build.0 = Debug|x64
		{812C624B-1420-41E4-BB85-C1C9A590B1DF}.Debug|x86.ActiveCfg = Debug|Win32
		{812C624B-1420-41E4-BB85-C1C9A590B1DF}.Debug|x86.Build.0 = Debug|Win32
		{812C624B-1420-41E4-BB85-C1C9A590B1DF}.Release|x64.ActiveCfg = Release|x64
		{812C624B-1420-41E4-BB85-C1C9A590B1DF}.Release|x64.Build.0 = Release|x64
		{812C624B-1420-41E4-BB85-C1C9A590B1DF}.Release|x86.ActiveCfg = Release|Win32
		{812C624B-1420-41E4-BB85-C1C9A590B1DF}.Release|x86.Build.0 = Release|Win32
	EndGlobalSection
	GlobalSection(SolutionProperties) = preSolution
		HideSolutionNode = FALSE
	EndGlobalSection
	GlobalSection(ExtensibilityGlobals) = postSolution
		SolutionGuid = {4CD680B2-EB4C-466C-9160-D5DFAC1A2FE0}
	EndGlobalSection
EndGlobal
